
Microsoft Visual Studio Solution File, Format Version 12.00
# Visual Studio Version 17
VisualStudioVersion = 17.8.34322.80
MinimumVisualStudioVersion = 10.0.40219.1
Project("{FAE04EC0-301F-11D3-BF4B-00C04F79EFBC}") = "Lab1", "Lab1\Lab1.csproj", "{E451182D-5725-43B8-AFE4-453A5C5E545B}"
EndProject
Global
	GlobalSection(SolutionConfigurationPlatforms) = preSolution
		Debug|Any CPU = Debug|Any CPU
		Release|Any CPU = Release|Any CPU
	EndGlobalSection
	GlobalSection(ProjectConfigurationPlatforms) = postSolution
		{E451182D-5725-43B8-AFE4-453A5C5E545B}.Debug|Any CPU.ActiveCfg = Debug|Any CPU
		{E451182D-5725-43B8-AFE4-453A5C5E545B}.Debug|Any CPU.Build.0 = Debug|Any CPU
		{E451182D-5725-43B8-AFE4-453A5C5E545B}.Release|Any CPU.ActiveCfg = Release|Any CPU
		{E451182D-5725-43B8-AFE4-453A5C5E545B}.Release|Any CPU.Build.0 = Release|Any CPU
	EndGlobalSection
	GlobalSection(SolutionProperties) = preSolution
		HideSolutionNode = FALSE
	EndGlobalSection
	GlobalSection(ExtensibilityGlobals) = postSolution
		SolutionGuid = {346EC36B-66B0-4434-B979-21B5015A7F43}
	EndGlobalSection
EndGlobal
