
Microsoft Visual Studio Solution File, Format Version 12.00
# Visual Studio Version 17
VisualStudioVersion = 17.8.34322.80
MinimumVisualStudioVersion = 10.0.40219.1
Project("{FAE04EC0-301F-11D3-BF4B-00C04F79EFBC}") = "Lab5-Task3", "Lab5-Task3\Lab5-Task3.csproj", "{CA8A99F4-E17F-4FCB-B6DB-08E07FAA8629}"
EndProject
Global
	GlobalSection(SolutionConfigurationPlatforms) = preSolution
		Debug|Any CPU = Debug|Any CPU
		Release|Any CPU = Release|Any CPU
	EndGlobalSection
	GlobalSection(ProjectConfigurationPlatforms) = postSolution
		{CA8A99F4-E17F-4FCB-B6DB-08E07FAA8629}.Debug|Any CPU.ActiveCfg = Debug|Any CPU
		{CA8A99F4-E17F-4FCB-B6DB-08E07FAA8629}.Debug|Any CPU.Build.0 = Debug|Any CPU
		{CA8A99F4-E17F-4FCB-B6DB-08E07FAA8629}.Release|Any CPU.ActiveCfg = Release|Any CPU
		{CA8A99F4-E17F-4FCB-B6DB-08E07FAA8629}.Release|Any CPU.Build.0 = Release|Any CPU
	EndGlobalSection
	GlobalSection(SolutionProperties) = preSolution
		HideSolutionNode = FALSE
	EndGlobalSection
	GlobalSection(ExtensibilityGlobals) = postSolution
		SolutionGuid = {46E220F1-1E67-44E7-AD68-51A79C80B4FA}
	EndGlobalSection
EndGlobal
