
Microsoft Visual Studio Solution File, Format Version 12.00
# Visual Studio Version 17
VisualStudioVersion = 17.8.34322.80
MinimumVisualStudioVersion = 10.0.40219.1
Project("{FAE04EC0-301F-11D3-BF4B-00C04F79EFBC}") = "Lab2_Task2", "Lab2_Task2\Lab2_Task2.csproj", "{1B50D282-7B39-49C6-8C6A-69DDD702EDD8}"
EndProject
Global
	GlobalSection(SolutionConfigurationPlatforms) = preSolution
		Debug|Any CPU = Debug|Any CPU
		Release|Any CPU = Release|Any CPU
	EndGlobalSection
	GlobalSection(ProjectConfigurationPlatforms) = postSolution
		{1B50D282-7B39-49C6-8C6A-69DDD702EDD8}.Debug|Any CPU.ActiveCfg = Debug|Any CPU
		{1B50D282-7B39-49C6-8C6A-69DDD702EDD8}.Debug|Any CPU.Build.0 = Debug|Any CPU
		{1B50D282-7B39-49C6-8C6A-69DDD702EDD8}.Release|Any CPU.ActiveCfg = Release|Any CPU
		{1B50D282-7B39-49C6-8C6A-69DDD702EDD8}.Release|Any CPU.Build.0 = Release|Any CPU
	EndGlobalSection
	GlobalSection(SolutionProperties) = preSolution
		HideSolutionNode = FALSE
	EndGlobalSection
	GlobalSection(ExtensibilityGlobals) = postSolution
		SolutionGuid = {8F74E46A-8861-4626-A725-DB86C68BDA94}
	EndGlobalSection
EndGlobal
