
Microsoft Visual Studio Solution File, Format Version 12.00
# Visual Studio Version 17
VisualStudioVersion = 17.8.34322.80
MinimumVisualStudioVersion = 10.0.40219.1
Project("{FAE04EC0-301F-11D3-BF4B-00C04F79EFBC}") = "Lab1-Task4", "Lab1-Task4\Lab1-Task4.csproj", "{8DCC9A52-59AA-42FA-93BB-891CDF7AD73E}"
EndProject
Global
	GlobalSection(SolutionConfigurationPlatforms) = preSolution
		Debug|Any CPU = Debug|Any CPU
		Release|Any CPU = Release|Any CPU
	EndGlobalSection
	GlobalSection(ProjectConfigurationPlatforms) = postSolution
		{8DCC9A52-59AA-42FA-93BB-891CDF7AD73E}.Debug|Any CPU.ActiveCfg = Debug|Any CPU
		{8DCC9A52-59AA-42FA-93BB-891CDF7AD73E}.Debug|Any CPU.Build.0 = Debug|Any CPU
		{8DCC9A52-59AA-42FA-93BB-891CDF7AD73E}.Release|Any CPU.ActiveCfg = Release|Any CPU
		{8DCC9A52-59AA-42FA-93BB-891CDF7AD73E}.Release|Any CPU.Build.0 = Release|Any CPU
	EndGlobalSection
	GlobalSection(SolutionProperties) = preSolution
		HideSolutionNode = FALSE
	EndGlobalSection
	GlobalSection(ExtensibilityGlobals) = postSolution
		SolutionGuid = {564C2A4F-1662-483C-8E05-CA0C57497E80}
	EndGlobalSection
EndGlobal
