
Microsoft Visual Studio Solution File, Format Version 12.00
# Visual Studio Version 17
VisualStudioVersion = 17.8.34322.80
MinimumVisualStudioVersion = 10.0.40219.1
Project("{FAE04EC0-301F-11D3-BF4B-00C04F79EFBC}") = "Lab2_Task4", "Lab2_Task4\Lab2_Task4.csproj", "{1B87E1B0-106F-42A3-81F0-5A5506EC2943}"
EndProject
Global
	GlobalSection(SolutionConfigurationPlatforms) = preSolution
		Debug|Any CPU = Debug|Any CPU
		Release|Any CPU = Release|Any CPU
	EndGlobalSection
	GlobalSection(ProjectConfigurationPlatforms) = postSolution
		{1B87E1B0-106F-42A3-81F0-5A5506EC2943}.Debug|Any CPU.ActiveCfg = Debug|Any CPU
		{1B87E1B0-106F-42A3-81F0-5A5506EC2943}.Debug|Any CPU.Build.0 = Debug|Any CPU
		{1B87E1B0-106F-42A3-81F0-5A5506EC2943}.Release|Any CPU.ActiveCfg = Release|Any CPU
		{1B87E1B0-106F-42A3-81F0-5A5506EC2943}.Release|Any CPU.Build.0 = Release|Any CPU
	EndGlobalSection
	GlobalSection(SolutionProperties) = preSolution
		HideSolutionNode = FALSE
	EndGlobalSection
	GlobalSection(ExtensibilityGlobals) = postSolution
		SolutionGuid = {79ADCA62-89C1-4F37-9690-EB42F9C38E5B}
	EndGlobalSection
EndGlobal
