
Microsoft Visual Studio Solution File, Format Version 12.00
# Visual Studio Version 17
VisualStudioVersion = 17.8.34322.80
MinimumVisualStudioVersion = 10.0.40219.1
Project("{FAE04EC0-301F-11D3-BF4B-00C04F79EFBC}") = "Task10", "Task10\Task10.csproj", "{45A19A04-132A-4EB7-B572-AA7002EEE165}"
EndProject
Global
	GlobalSection(SolutionConfigurationPlatforms) = preSolution
		Debug|Any CPU = Debug|Any CPU
		Release|Any CPU = Release|Any CPU
	EndGlobalSection
	GlobalSection(ProjectConfigurationPlatforms) = postSolution
		{45A19A04-132A-4EB7-B572-AA7002EEE165}.Debug|Any CPU.ActiveCfg = Debug|Any CPU
		{45A19A04-132A-4EB7-B572-AA7002EEE165}.Debug|Any CPU.Build.0 = Debug|Any CPU
		{45A19A04-132A-4EB7-B572-AA7002EEE165}.Release|Any CPU.ActiveCfg = Release|Any CPU
		{45A19A04-132A-4EB7-B572-AA7002EEE165}.Release|Any CPU.Build.0 = Release|Any CPU
	EndGlobalSection
	GlobalSection(SolutionProperties) = preSolution
		HideSolutionNode = FALSE
	EndGlobalSection
	GlobalSection(ExtensibilityGlobals) = postSolution
		SolutionGuid = {0644989D-CEF1-4ACB-8CD7-9D41D0A378F5}
	EndGlobalSection
EndGlobal
