
Microsoft Visual Studio Solution File, Format Version 12.00
# Visual Studio Version 17
VisualStudioVersion = 17.8.34322.80
MinimumVisualStudioVersion = 10.0.40219.1
Project("{FAE04EC0-301F-11D3-BF4B-00C04F79EFBC}") = "Task8", "Task8\Task8.csproj", "{432289E4-3C5A-4737-803B-8E8003B87585}"
EndProject
Global
	GlobalSection(SolutionConfigurationPlatforms) = preSolution
		Debug|Any CPU = Debug|Any CPU
		Release|Any CPU = Release|Any CPU
	EndGlobalSection
	GlobalSection(ProjectConfigurationPlatforms) = postSolution
		{432289E4-3C5A-4737-803B-8E8003B87585}.Debug|Any CPU.ActiveCfg = Debug|Any CPU
		{432289E4-3C5A-4737-803B-8E8003B87585}.Debug|Any CPU.Build.0 = Debug|Any CPU
		{432289E4-3C5A-4737-803B-8E8003B87585}.Release|Any CPU.ActiveCfg = Release|Any CPU
		{432289E4-3C5A-4737-803B-8E8003B87585}.Release|Any CPU.Build.0 = Release|Any CPU
	EndGlobalSection
	GlobalSection(SolutionProperties) = preSolution
		HideSolutionNode = FALSE
	EndGlobalSection
	GlobalSection(ExtensibilityGlobals) = postSolution
		SolutionGuid = {245634A4-396E-4EFB-88A6-E3D6562E83AF}
	EndGlobalSection
EndGlobal
