
Microsoft Visual Studio Solution File, Format Version 12.00
# Visual Studio Version 17
VisualStudioVersion = 17.8.34322.80
MinimumVisualStudioVersion = 10.0.40219.1
Project("{FAE04EC0-301F-11D3-BF4B-00C04F79EFBC}") = "Lab2_Task10", "Lab2_Task10\Lab2_Task10.csproj", "{C895F693-076A-4490-8C89-64C07BB7FEA0}"
EndProject
Global
	GlobalSection(SolutionConfigurationPlatforms) = preSolution
		Debug|Any CPU = Debug|Any CPU
		Release|Any CPU = Release|Any CPU
	EndGlobalSection
	GlobalSection(ProjectConfigurationPlatforms) = postSolution
		{C895F693-076A-4490-8C89-64C07BB7FEA0}.Debug|Any CPU.ActiveCfg = Debug|Any CPU
		{C895F693-076A-4490-8C89-64C07BB7FEA0}.Debug|Any CPU.Build.0 = Debug|Any CPU
		{C895F693-076A-4490-8C89-64C07BB7FEA0}.Release|Any CPU.ActiveCfg = Release|Any CPU
		{C895F693-076A-4490-8C89-64C07BB7FEA0}.Release|Any CPU.Build.0 = Release|Any CPU
	EndGlobalSection
	GlobalSection(SolutionProperties) = preSolution
		HideSolutionNode = FALSE
	EndGlobalSection
	GlobalSection(ExtensibilityGlobals) = postSolution
		SolutionGuid = {A63A1313-7027-4C79-B0AB-B8C002A2C5EB}
	EndGlobalSection
EndGlobal
