
Microsoft Visual Studio Solution File, Format Version 12.00
# Visual Studio Version 17
VisualStudioVersion = 17.8.34322.80
MinimumVisualStudioVersion = 10.0.40219.1
Project("{FAE04EC0-301F-11D3-BF4B-00C04F79EFBC}") = "Task1", "Task1\Task1.csproj", "{ECD6CEDA-5E0F-4D6C-A6FA-085DF6A72C31}"
EndProject
Global
	GlobalSection(SolutionConfigurationPlatforms) = preSolution
		Debug|Any CPU = Debug|Any CPU
		Release|Any CPU = Release|Any CPU
	EndGlobalSection
	GlobalSection(ProjectConfigurationPlatforms) = postSolution
		{ECD6CEDA-5E0F-4D6C-A6FA-085DF6A72C31}.Debug|Any CPU.ActiveCfg = Debug|Any CPU
		{ECD6CEDA-5E0F-4D6C-A6FA-085DF6A72C31}.Debug|Any CPU.Build.0 = Debug|Any CPU
		{ECD6CEDA-5E0F-4D6C-A6FA-085DF6A72C31}.Release|Any CPU.ActiveCfg = Release|Any CPU
		{ECD6CEDA-5E0F-4D6C-A6FA-085DF6A72C31}.Release|Any CPU.Build.0 = Release|Any CPU
	EndGlobalSection
	GlobalSection(SolutionProperties) = preSolution
		HideSolutionNode = FALSE
	EndGlobalSection
	GlobalSection(ExtensibilityGlobals) = postSolution
		SolutionGuid = {1405ADDF-E0CD-4110-B21E-105B65A8CEF8}
	EndGlobalSection
EndGlobal
