
Microsoft Visual Studio Solution File, Format Version 12.00
# Visual Studio Version 17
VisualStudioVersion = 17.8.34330.188
MinimumVisualStudioVersion = 10.0.40219.1
Project("{FAE04EC0-301F-11D3-BF4B-00C04F79EFBC}") = "session6_widowsApplication", "session6_widowsApplication.csproj", "{4E63FCA5-7CAD-4403-B705-F150A901040C}"
EndProject
Global
	GlobalSection(SolutionConfigurationPlatforms) = preSolution
		Debug|Any CPU = Debug|Any CPU
		Release|Any CPU = Release|Any CPU
	EndGlobalSection
	GlobalSection(ProjectConfigurationPlatforms) = postSolution
		{4E63FCA5-7CAD-4403-B705-F150A901040C}.Debug|Any CPU.ActiveCfg = Debug|Any CPU
		{4E63FCA5-7CAD-4403-B705-F150A901040C}.Debug|Any CPU.Build.0 = Debug|Any CPU
		{4E63FCA5-7CAD-4403-B705-F150A901040C}.Release|Any CPU.ActiveCfg = Release|Any CPU
		{4E63FCA5-7CAD-4403-B705-F150A901040C}.Release|Any CPU.Build.0 = Release|Any CPU
	EndGlobalSection
	GlobalSection(SolutionProperties) = preSolution
		HideSolutionNode = FALSE
	EndGlobalSection
	GlobalSection(ExtensibilityGlobals) = postSolution
		SolutionGuid = {B3F4D5E4-D846-4FC9-ADEE-7126519ADE07}
	EndGlobalSection
EndGlobal
