
Microsoft Visual Studio Solution File, Format Version 12.00
# Visual Studio Version 17
VisualStudioVersion = 17.8.34322.80
MinimumVisualStudioVersion = 10.0.40219.1
Project("{FAE04EC0-301F-11D3-BF4B-00C04F79EFBC}") = "Lab2_Task11", "Lab2_Task11\Lab2_Task11.csproj", "{988D024E-C42F-430D-A2D7-3C9C739FD370}"
EndProject
Global
	GlobalSection(SolutionConfigurationPlatforms) = preSolution
		Debug|Any CPU = Debug|Any CPU
		Release|Any CPU = Release|Any CPU
	EndGlobalSection
	GlobalSection(ProjectConfigurationPlatforms) = postSolution
		{988D024E-C42F-430D-A2D7-3C9C739FD370}.Debug|Any CPU.ActiveCfg = Debug|Any CPU
		{988D024E-C42F-430D-A2D7-3C9C739FD370}.Debug|Any CPU.Build.0 = Debug|Any CPU
		{988D024E-C42F-430D-A2D7-3C9C739FD370}.Release|Any CPU.ActiveCfg = Release|Any CPU
		{988D024E-C42F-430D-A2D7-3C9C739FD370}.Release|Any CPU.Build.0 = Release|Any CPU
	EndGlobalSection
	GlobalSection(SolutionProperties) = preSolution
		HideSolutionNode = FALSE
	EndGlobalSection
	GlobalSection(ExtensibilityGlobals) = postSolution
		SolutionGuid = {522DE8B4-FE00-48FF-917F-AAEFE6F8BCD3}
	EndGlobalSection
EndGlobal
