
Microsoft Visual Studio Solution File, Format Version 12.00
# Visual Studio Version 17
VisualStudioVersion = 17.8.34322.80
MinimumVisualStudioVersion = 10.0.40219.1
Project("{FAE04EC0-301F-11D3-BF4B-00C04F79EFBC}") = "Lab2_Task9", "Lab2_Task9\Lab2_Task9.csproj", "{FD672C53-AE1A-4050-87C8-1EDDB615EF02}"
EndProject
Global
	GlobalSection(SolutionConfigurationPlatforms) = preSolution
		Debug|Any CPU = Debug|Any CPU
		Release|Any CPU = Release|Any CPU
	EndGlobalSection
	GlobalSection(ProjectConfigurationPlatforms) = postSolution
		{FD672C53-AE1A-4050-87C8-1EDDB615EF02}.Debug|Any CPU.ActiveCfg = Debug|Any CPU
		{FD672C53-AE1A-4050-87C8-1EDDB615EF02}.Debug|Any CPU.Build.0 = Debug|Any CPU
		{FD672C53-AE1A-4050-87C8-1EDDB615EF02}.Release|Any CPU.ActiveCfg = Release|Any CPU
		{FD672C53-AE1A-4050-87C8-1EDDB615EF02}.Release|Any CPU.Build.0 = Release|Any CPU
	EndGlobalSection
	GlobalSection(SolutionProperties) = preSolution
		HideSolutionNode = FALSE
	EndGlobalSection
	GlobalSection(ExtensibilityGlobals) = postSolution
		SolutionGuid = {8FFDC6B4-8F5C-4C42-ACD9-54B6906EBD7E}
	EndGlobalSection
EndGlobal
