
Microsoft Visual Studio Solution File, Format Version 12.00
# Visual Studio Version 17
VisualStudioVersion = 17.8.34322.80
MinimumVisualStudioVersion = 10.0.40219.1
Project("{FAE04EC0-301F-11D3-BF4B-00C04F79EFBC}") = "ConsoleApp1", "ConsoleApp1\ConsoleApp1.csproj", "{36696C02-3800-457A-8F17-262D592C5618}"
EndProject
Global
	GlobalSection(SolutionConfigurationPlatforms) = preSolution
		Debug|Any CPU = Debug|Any CPU
		Release|Any CPU = Release|Any CPU
	EndGlobalSection
	GlobalSection(ProjectConfigurationPlatforms) = postSolution
		{36696C02-3800-457A-8F17-262D592C5618}.Debug|Any CPU.ActiveCfg = Debug|Any CPU
		{36696C02-3800-457A-8F17-262D592C5618}.Debug|Any CPU.Build.0 = Debug|Any CPU
		{36696C02-3800-457A-8F17-262D592C5618}.Release|Any CPU.ActiveCfg = Release|Any CPU
		{36696C02-3800-457A-8F17-262D592C5618}.Release|Any CPU.Build.0 = Release|Any CPU
	EndGlobalSection
	GlobalSection(SolutionProperties) = preSolution
		HideSolutionNode = FALSE
	EndGlobalSection
	GlobalSection(ExtensibilityGlobals) = postSolution
		SolutionGuid = {17627069-688D-42D3-9302-3F8C54C4EDC2}
	EndGlobalSection
EndGlobal
