
Microsoft Visual Studio Solution File, Format Version 12.00
# Visual Studio Version 17
VisualStudioVersion = 17.8.34322.80
MinimumVisualStudioVersion = 10.0.40219.1
Project("{FAE04EC0-301F-11D3-BF4B-00C04F79EFBC}") = "Task2", "Task2\Task2.csproj", "{EBF8D4BF-4FC3-4B82-83B0-66A594934EF3}"
EndProject
Global
	GlobalSection(SolutionConfigurationPlatforms) = preSolution
		Debug|Any CPU = Debug|Any CPU
		Release|Any CPU = Release|Any CPU
	EndGlobalSection
	GlobalSection(ProjectConfigurationPlatforms) = postSolution
		{EBF8D4BF-4FC3-4B82-83B0-66A594934EF3}.Debug|Any CPU.ActiveCfg = Debug|Any CPU
		{EBF8D4BF-4FC3-4B82-83B0-66A594934EF3}.Debug|Any CPU.Build.0 = Debug|Any CPU
		{EBF8D4BF-4FC3-4B82-83B0-66A594934EF3}.Release|Any CPU.ActiveCfg = Release|Any CPU
		{EBF8D4BF-4FC3-4B82-83B0-66A594934EF3}.Release|Any CPU.Build.0 = Release|Any CPU
	EndGlobalSection
	GlobalSection(SolutionProperties) = preSolution
		HideSolutionNode = FALSE
	EndGlobalSection
	GlobalSection(ExtensibilityGlobals) = postSolution
		SolutionGuid = {7C2C45A1-1D7E-419F-B637-EFCD71D75FAA}
	EndGlobalSection
EndGlobal
