
Microsoft Visual Studio Solution File, Format Version 12.00
# Visual Studio Version 17
VisualStudioVersion = 17.8.34322.80
MinimumVisualStudioVersion = 10.0.40219.1
Project("{FAE04EC0-301F-11D3-BF4B-00C04F79EFBC}") = "Lab2_Task3", "Lab2_Task3\Lab2_Task3.csproj", "{F98EC8CD-0486-4AC3-925A-EE02B8259E2E}"
EndProject
Global
	GlobalSection(SolutionConfigurationPlatforms) = preSolution
		Debug|Any CPU = Debug|Any CPU
		Release|Any CPU = Release|Any CPU
	EndGlobalSection
	GlobalSection(ProjectConfigurationPlatforms) = postSolution
		{F98EC8CD-0486-4AC3-925A-EE02B8259E2E}.Debug|Any CPU.ActiveCfg = Debug|Any CPU
		{F98EC8CD-0486-4AC3-925A-EE02B8259E2E}.Debug|Any CPU.Build.0 = Debug|Any CPU
		{F98EC8CD-0486-4AC3-925A-EE02B8259E2E}.Release|Any CPU.ActiveCfg = Release|Any CPU
		{F98EC8CD-0486-4AC3-925A-EE02B8259E2E}.Release|Any CPU.Build.0 = Release|Any CPU
	EndGlobalSection
	GlobalSection(SolutionProperties) = preSolution
		HideSolutionNode = FALSE
	EndGlobalSection
	GlobalSection(ExtensibilityGlobals) = postSolution
		SolutionGuid = {35DB9B71-2B03-4961-BCC5-8C81A90C9B94}
	EndGlobalSection
EndGlobal
